
Microsoft Visual Studio Solution File, Format Version 12.00
# Visual Studio Version 16
VisualStudioVersion = 16.0.29123.88
MinimumVisualStudioVersion = 10.0.40219.1
Project("{9A19103F-16F7-4668-BE54-9A1E7A4F7556}") = "Shop", "Shop\Shop.csproj", "{1015CFB9-D94D-4632-A86F-F7FCE44146F0}"
EndProject
Project("{FAE04EC0-301F-11D3-BF4B-00C04F79EFBC}") = "MySqlDataLayer", "MySqlDataLayer\MySqlDataLayer.csproj", "{ED90834E-15BF-4FA1-A20D-9F95935890E2}"
EndProject
Project("{FAE04EC0-301F-11D3-BF4B-00C04F79EFBC}") = "DataModels", "DataModels\DataModels.csproj", "{D1456EC5-7205-4047-B75D-4FCC51D6FECA}"
EndProject
Project("{FAE04EC0-301F-11D3-BF4B-00C04F79EFBC}") = "Contracts", "Contracts\Contracts.csproj", "{E8903A07-8306-4E8A-ACAC-5547BC92597E}"
EndProject
Project("{FAE04EC0-301F-11D3-BF4B-00C04F79EFBC}") = "Resolver", "Resolver\Resolver.csproj", "{84F3CF8B-3E63-41B7-942E-DA9E0499FFFD}"
EndProject
Global
	GlobalSection(SolutionConfigurationPlatforms) = preSolution
		Debug|Any CPU = Debug|Any CPU
		Release|Any CPU = Release|Any CPU
	EndGlobalSection
	GlobalSection(ProjectConfigurationPlatforms) = postSolution
		{1015CFB9-D94D-4632-A86F-F7FCE44146F0}.Debug|Any CPU.ActiveCfg = Debug|Any CPU
		{1015CFB9-D94D-4632-A86F-F7FCE44146F0}.Debug|Any CPU.Build.0 = Debug|Any CPU
		{1015CFB9-D94D-4632-A86F-F7FCE44146F0}.Release|Any CPU.ActiveCfg = Release|Any CPU
		{1015CFB9-D94D-4632-A86F-F7FCE44146F0}.Release|Any CPU.Build.0 = Release|Any CPU
		{ED90834E-15BF-4FA1-A20D-9F95935890E2}.Debug|Any CPU.ActiveCfg = Debug|Any CPU
		{ED90834E-15BF-4FA1-A20D-9F95935890E2}.Debug|Any CPU.Build.0 = Debug|Any CPU
		{ED90834E-15BF-4FA1-A20D-9F95935890E2}.Release|Any CPU.ActiveCfg = Release|Any CPU
		{ED90834E-15BF-4FA1-A20D-9F95935890E2}.Release|Any CPU.Build.0 = Release|Any CPU
		{D1456EC5-7205-4047-B75D-4FCC51D6FECA}.Debug|Any CPU.ActiveCfg = Debug|Any CPU
		{D1456EC5-7205-4047-B75D-4FCC51D6FECA}.Debug|Any CPU.Build.0 = Debug|Any CPU
		{D1456EC5-7205-4047-B75D-4FCC51D6FECA}.Release|Any CPU.ActiveCfg = Release|Any CPU
		{D1456EC5-7205-4047-B75D-4FCC51D6FECA}.Release|Any CPU.Build.0 = Release|Any CPU
		{E8903A07-8306-4E8A-ACAC-5547BC92597E}.Debug|Any CPU.ActiveCfg = Debug|Any CPU
		{E8903A07-8306-4E8A-ACAC-5547BC92597E}.Debug|Any CPU.Build.0 = Debug|Any CPU
		{E8903A07-8306-4E8A-ACAC-5547BC92597E}.Release|Any CPU.ActiveCfg = Release|Any CPU
		{E8903A07-8306-4E8A-ACAC-5547BC92597E}.Release|Any CPU.Build.0 = Release|Any CPU
		{84F3CF8B-3E63-41B7-942E-DA9E0499FFFD}.Debug|Any CPU.ActiveCfg = Debug|Any CPU
		{84F3CF8B-3E63-41B7-942E-DA9E0499FFFD}.Debug|Any CPU.Build.0 = Debug|Any CPU
		{84F3CF8B-3E63-41B7-942E-DA9E0499FFFD}.Release|Any CPU.ActiveCfg = Release|Any CPU
		{84F3CF8B-3E63-41B7-942E-DA9E0499FFFD}.Release|Any CPU.Build.0 = Release|Any CPU
	EndGlobalSection
	GlobalSection(SolutionProperties) = preSolution
		HideSolutionNode = FALSE
	EndGlobalSection
	GlobalSection(ExtensibilityGlobals) = postSolution
		SolutionGuid = {7549351A-1CAF-4045-9808-343C814987D6}
	EndGlobalSection
EndGlobal
